
Microsoft Visual Studio Solution File, Format Version 11.00
# Visual Studio 2010
Project("{FAE04EC0-301F-11D3-BF4B-00C04F79EFBC}") = "Unity.AdaptivePerformance", "Unity.AdaptivePerformance.csproj", "{7f966756-594e-c066-305b-add158e2ce81}"
EndProject
Project("{FAE04EC0-301F-11D3-BF4B-00C04F79EFBC}") = "UnityEngine.TestRunner", "UnityEngine.TestRunner.csproj", "{dd7cd1b0-9d76-53db-a305-27681e6bc038}"
EndProject
Project("{FAE04EC0-301F-11D3-BF4B-00C04F79EFBC}") = "UnityEngine.UI", "UnityEngine.UI.csproj", "{f48a3f12-75e5-6532-6729-fd2ca2c23561}"
EndProject
Project("{FAE04EC0-301F-11D3-BF4B-00C04F79EFBC}") = "Unity.VisualScripting.Flow", "Unity.VisualScripting.Flow.csproj", "{33ba7600-2961-91b1-b4f7-1635c50ab7d5}"
EndProject
Project("{FAE04EC0-301F-11D3-BF4B-00C04F79EFBC}") = "Unity.Mathematics", "Unity.Mathematics.csproj", "{bf3f47b1-4f99-2930-218f-25b1d3d0d8f6}"
EndProject
Project("{FAE04EC0-301F-11D3-BF4B-00C04F79EFBC}") = "Unity.VisualScripting.State", "Unity.VisualScripting.State.csproj", "{1107057f-aa00-3514-210a-bf9818236ccf}"
EndProject
Project("{FAE04EC0-301F-11D3-BF4B-00C04F79EFBC}") = "Unity.VisualScripting.Core", "Unity.VisualScripting.Core.csproj", "{067db058-81e5-6fdd-52a7-d82a4e16dcfd}"
EndProject
Project("{FAE04EC0-301F-11D3-BF4B-00C04F79EFBC}") = "Unity.Burst", "Unity.Burst.csproj", "{4d4bd023-edf0-8dd3-8a1c-19020947f0ef}"
EndProject
Project("{FAE04EC0-301F-11D3-BF4B-00C04F79EFBC}") = "Unity.2D.Animation.Runtime", "Unity.2D.Animation.Runtime.csproj", "{ffb3a08b-eb52-335c-dd0c-032b8d99dfcc}"
EndProject
Project("{FAE04EC0-301F-11D3-BF4B-00C04F79EFBC}") = "Unity.TextMeshPro", "Unity.TextMeshPro.csproj", "{6ad1ff30-77c5-614d-3ab3-fe42b441a27a}"
EndProject
Project("{FAE04EC0-301F-11D3-BF4B-00C04F79EFBC}") = "Unity.Timeline", "Unity.Timeline.csproj", "{b8adb979-1ee2-fdce-0c04-b8d513053d1d}"
EndProject
Project("{FAE04EC0-301F-11D3-BF4B-00C04F79EFBC}") = "Unity.Notifications.Android", "Unity.Notifications.Android.csproj", "{91507848-eb02-dfd8-eb66-db0e0c20f7ac}"
EndProject
Project("{FAE04EC0-301F-11D3-BF4B-00C04F79EFBC}") = "Unity.2D.SpriteShape.Runtime", "Unity.2D.SpriteShape.Runtime.csproj", "{7e3dfbfa-64e4-39fe-32ff-5dd57b4a8b42}"
EndProject
Project("{FAE04EC0-301F-11D3-BF4B-00C04F79EFBC}") = "Unity.Notifications.iOS", "Unity.Notifications.iOS.csproj", "{f1b7f102-69df-10ea-8514-ed9fb8f259eb}"
EndProject
Project("{FAE04EC0-301F-11D3-BF4B-00C04F79EFBC}") = "Unity.2D.PixelPerfect", "Unity.2D.PixelPerfect.csproj", "{13c13335-b7ab-f88a-a0f3-a74e0bf98206}"
EndProject
Project("{FAE04EC0-301F-11D3-BF4B-00C04F79EFBC}") = "Unity.InternalAPIEngineBridge.001", "Unity.InternalAPIEngineBridge.001.csproj", "{11d65d5b-3944-e894-8609-1225bd8da0cc}"
EndProject
Project("{FAE04EC0-301F-11D3-BF4B-00C04F79EFBC}") = "Unity.2D.Common.Runtime", "Unity.2D.Common.Runtime.csproj", "{34d051c0-5eeb-5d3d-9823-3150ee7a477d}"
EndProject
Project("{FAE04EC0-301F-11D3-BF4B-00C04F79EFBC}") = "Unity.2D.IK.Runtime", "Unity.2D.IK.Runtime.csproj", "{11053262-19ad-fd61-8571-0f8b8f384d51}"
EndProject
Project("{FAE04EC0-301F-11D3-BF4B-00C04F79EFBC}") = "Unity.2D.Tilemap.Extras", "Unity.2D.Tilemap.Extras.csproj", "{dc711fc2-05ee-2c91-5622-73e2aafa2418}"
EndProject
Project("{FAE04EC0-301F-11D3-BF4B-00C04F79EFBC}") = "Unity.Profiling.Core", "Unity.Profiling.Core.csproj", "{b9a02af0-2e14-3835-b15a-b93bed0441ea}"
EndProject
Project("{FAE04EC0-301F-11D3-BF4B-00C04F79EFBC}") = "Assembly-CSharp", "Assembly-CSharp.csproj", "{8ccca716-acaa-f540-7d5d-cc66a79f8565}"
EndProject
Project("{FAE04EC0-301F-11D3-BF4B-00C04F79EFBC}") = "Unity.Subsystem.Registration", "Unity.Subsystem.Registration.csproj", "{68125436-0693-214e-3b97-95efbbba327f}"
EndProject
Project("{FAE04EC0-301F-11D3-BF4B-00C04F79EFBC}") = "Unity.PlasticSCM.Editor", "Unity.PlasticSCM.Editor.csproj", "{8823290e-f0d4-d3f1-ed71-470fc833f6b8}"
EndProject
Project("{FAE04EC0-301F-11D3-BF4B-00C04F79EFBC}") = "Unity.VisualScripting.Core.Editor", "Unity.VisualScripting.Core.Editor.csproj", "{f63f5ce8-eb64-3e2c-154b-ccc0aef7d289}"
EndProject
Project("{FAE04EC0-301F-11D3-BF4B-00C04F79EFBC}") = "Unity.VisualScripting.Flow.Editor", "Unity.VisualScripting.Flow.Editor.csproj", "{63f79ca8-bb4c-3b1b-a067-8d333c13e5ba}"
EndProject
Project("{FAE04EC0-301F-11D3-BF4B-00C04F79EFBC}") = "Unity.VisualStudio.Editor", "Unity.VisualStudio.Editor.csproj", "{2034aee1-bd18-1b41-7cab-dc3e90a839c7}"
EndProject
Project("{FAE04EC0-301F-11D3-BF4B-00C04F79EFBC}") = "Unity.Timeline.Editor", "Unity.Timeline.Editor.csproj", "{267a1bbf-e54e-8a2a-8361-1dd2f3c6694f}"
EndProject
Project("{FAE04EC0-301F-11D3-BF4B-00C04F79EFBC}") = "Unity.VisualScripting.State.Editor", "Unity.VisualScripting.State.Editor.csproj", "{da86907b-8713-db21-220f-169fc185871b}"
EndProject
Project("{FAE04EC0-301F-11D3-BF4B-00C04F79EFBC}") = "Unity.TextMeshPro.Editor", "Unity.TextMeshPro.Editor.csproj", "{ce9c2682-cbe1-43fd-1a1f-dab76af73ece}"
EndProject
Project("{FAE04EC0-301F-11D3-BF4B-00C04F79EFBC}") = "Unity.AdaptivePerformance.Simulator.Editor", "Unity.AdaptivePerformance.Simulator.Editor.csproj", "{fa5d24d3-7fcb-e20b-17bb-06fadd609614}"
EndProject
Project("{FAE04EC0-301F-11D3-BF4B-00C04F79EFBC}") = "Unity.2D.Animation.Editor", "Unity.2D.Animation.Editor.csproj", "{24514438-a3b9-e8cd-88d1-24d45ce84eb5}"
EndProject
Project("{FAE04EC0-301F-11D3-BF4B-00C04F79EFBC}") = "Unity.VisualScripting.SettingsProvider.Editor", "Unity.VisualScripting.SettingsProvider.Editor.csproj", "{50ca9556-a20e-fa18-7e11-cd7dc23c6158}"
EndProject
Project("{FAE04EC0-301F-11D3-BF4B-00C04F79EFBC}") = "Unity.CollabProxy.Editor", "Unity.CollabProxy.Editor.csproj", "{0c369775-8b67-7a2f-1722-c53b4b1b2bd6}"
EndProject
Project("{FAE04EC0-301F-11D3-BF4B-00C04F79EFBC}") = "UnityEditor.TestRunner", "UnityEditor.TestRunner.csproj", "{9b213340-9039-852d-1936-8d3078264f5b}"
EndProject
Project("{FAE04EC0-301F-11D3-BF4B-00C04F79EFBC}") = "Unity.2D.Tilemap.Editor", "Unity.2D.Tilemap.Editor.csproj", "{adb88225-acc6-463b-7be7-062a98f80f23}"
EndProject
Project("{FAE04EC0-301F-11D3-BF4B-00C04F79EFBC}") = "Unity.Mobile.AndroidLogcat.Editor", "Unity.Mobile.AndroidLogcat.Editor.csproj", "{85a1d449-321e-d369-de90-b894bfc8596b}"
EndProject
Project("{FAE04EC0-301F-11D3-BF4B-00C04F79EFBC}") = "Unity.Rider.Editor", "Unity.Rider.Editor.csproj", "{4af26614-a395-57fd-8821-91d7440b17d4}"
EndProject
Project("{FAE04EC0-301F-11D3-BF4B-00C04F79EFBC}") = "Unity.Services.Core.Editor", "Unity.Services.Core.Editor.csproj", "{c8e187db-032f-2cbe-540f-0c7bc6edb08c}"
EndProject
Project("{FAE04EC0-301F-11D3-BF4B-00C04F79EFBC}") = "PsdPlugin", "PsdPlugin.csproj", "{d2a98f65-4316-2ff3-e183-5bfd0d1819e2}"
EndProject
Project("{FAE04EC0-301F-11D3-BF4B-00C04F79EFBC}") = "Unity.2D.IK.Editor", "Unity.2D.IK.Editor.csproj", "{b1b7b2e8-ca64-886f-4104-44dd92afe5d8}"
EndProject
Project("{FAE04EC0-301F-11D3-BF4B-00C04F79EFBC}") = "Unity.2D.Psdimporter.Editor", "Unity.2D.Psdimporter.Editor.csproj", "{3579765a-3d4b-e035-7374-37bc7a68f519}"
EndProject
Project("{FAE04EC0-301F-11D3-BF4B-00C04F79EFBC}") = "Unity.2D.Common.Path.Editor", "Unity.2D.Common.Path.Editor.csproj", "{48fdbf10-bb5d-f10f-821e-4f7ae0b50348}"
EndProject
Project("{FAE04EC0-301F-11D3-BF4B-00C04F79EFBC}") = "Unity.2D.SpriteShape.Editor", "Unity.2D.SpriteShape.Editor.csproj", "{313c38c8-add4-3df7-8e24-01c64676980d}"
EndProject
Project("{FAE04EC0-301F-11D3-BF4B-00C04F79EFBC}") = "Unity.Burst.CodeGen", "Unity.Burst.CodeGen.csproj", "{abe473a6-1cf0-9ddd-2816-6823d6df46b1}"
EndProject
Project("{FAE04EC0-301F-11D3-BF4B-00C04F79EFBC}") = "Unity.2D.PixelPerfect.Editor", "Unity.2D.PixelPerfect.Editor.csproj", "{2103e97a-28bd-ac49-e783-0da224626af0}"
EndProject
Project("{FAE04EC0-301F-11D3-BF4B-00C04F79EFBC}") = "Unity.VSCode.Editor", "Unity.VSCode.Editor.csproj", "{7f4caecb-d66b-ab8d-05a8-f09eac092da9}"
EndProject
Project("{FAE04EC0-301F-11D3-BF4B-00C04F79EFBC}") = "Unity.Notifications", "Unity.Notifications.csproj", "{dc73be68-88f1-3eb7-4839-0c184b521a92}"
EndProject
Project("{FAE04EC0-301F-11D3-BF4B-00C04F79EFBC}") = "Unity.2D.Sprite.Editor", "Unity.2D.Sprite.Editor.csproj", "{745c2106-6fe1-c77c-49a3-701641f9346e}"
EndProject
Project("{FAE04EC0-301F-11D3-BF4B-00C04F79EFBC}") = "UnityEditor.UI", "UnityEditor.UI.csproj", "{af818e35-4467-c7ae-18b4-040f35608ae5}"
EndProject
Project("{FAE04EC0-301F-11D3-BF4B-00C04F79EFBC}") = "Unity.2D.Common.Editor", "Unity.2D.Common.Editor.csproj", "{98f83c6e-065c-6b94-27d7-496be1827876}"
EndProject
Project("{FAE04EC0-301F-11D3-BF4B-00C04F79EFBC}") = "Unity.AdaptivePerformance.Editor", "Unity.AdaptivePerformance.Editor.csproj", "{51ed2c11-bfbe-ba83-7ab3-b817bec9d955}"
EndProject
Project("{FAE04EC0-301F-11D3-BF4B-00C04F79EFBC}") = "Unity.Mathematics.Editor", "Unity.Mathematics.Editor.csproj", "{13448f77-a679-39d9-c971-3bcd26ca51d4}"
EndProject
Project("{FAE04EC0-301F-11D3-BF4B-00C04F79EFBC}") = "Unity.2D.Tilemap.Extras.Editor", "Unity.2D.Tilemap.Extras.Editor.csproj", "{6b63dc14-e6c4-e9e9-f46d-b4a058434f0a}"
EndProject
Project("{FAE04EC0-301F-11D3-BF4B-00C04F79EFBC}") = "Unity.Burst.Editor", "Unity.Burst.Editor.csproj", "{6b369b68-bc8c-4a31-a245-81c025c3b216}"
EndProject
Project("{FAE04EC0-301F-11D3-BF4B-00C04F79EFBC}") = "Unity.InternalAPIEditorBridge.001", "Unity.InternalAPIEditorBridge.001.csproj", "{72306c96-6f9b-04e5-85f2-1e615a9adbbf}"
EndProject
Project("{FAE04EC0-301F-11D3-BF4B-00C04F79EFBC}") = "Assembly-CSharp-Editor", "Assembly-CSharp-Editor.csproj", "{9dbce9f1-803b-3587-f6c2-cd9799291c33}"
EndProject
Project("{FAE04EC0-301F-11D3-BF4B-00C04F79EFBC}") = "Unity.VisualScripting.Shared.Editor", "Unity.VisualScripting.Shared.Editor.csproj", "{525f16d6-9b34-ece5-295a-bf3b0e59e6eb}"
EndProject
Project("{FAE04EC0-301F-11D3-BF4B-00C04F79EFBC}") = "Unity.AdaptivePerformance.Simulator.Extension", "Unity.AdaptivePerformance.Simulator.Extension.csproj", "{05e85187-28db-7723-929e-da831420b45a}"
EndProject
Project("{FAE04EC0-301F-11D3-BF4B-00C04F79EFBC}") = "Unity.AdaptivePerformance.UI.Editor", "Unity.AdaptivePerformance.UI.Editor.csproj", "{3bfbc3c1-af7f-ade0-c11c-972b50e325ab}"
EndProject
Project("{FAE04EC0-301F-11D3-BF4B-00C04F79EFBC}") = "Unity.AdaptivePerformance.Profiler.Editor", "Unity.AdaptivePerformance.Profiler.Editor.csproj", "{5418eaf8-2c5b-5b35-b13a-1323aaa790ed}"
EndProject
Project("{FAE04EC0-301F-11D3-BF4B-00C04F79EFBC}") = "Unity.AdaptivePerformance", "Unity.AdaptivePerformance.Player.csproj", "{8f28525b-a735-42b1-fb3e-e8958b23615d}"
EndProject
Project("{FAE04EC0-301F-11D3-BF4B-00C04F79EFBC}") = "UnityEngine.TestRunner", "UnityEngine.TestRunner.Player.csproj", "{07457ff0-6ebf-4a6e-82a0-cf0adc043983}"
EndProject
Project("{FAE04EC0-301F-11D3-BF4B-00C04F79EFBC}") = "UnityEngine.UI", "UnityEngine.UI.Player.csproj", "{3656dddc-3271-f683-bf4d-0e0244bcb51c}"
EndProject
Project("{FAE04EC0-301F-11D3-BF4B-00C04F79EFBC}") = "Unity.VisualScripting.Flow", "Unity.VisualScripting.Flow.Player.csproj", "{af2f9039-cceb-a170-402e-4c81b750017f}"
EndProject
Project("{FAE04EC0-301F-11D3-BF4B-00C04F79EFBC}") = "Unity.Mathematics", "Unity.Mathematics.Player.csproj", "{e8e5c4f4-dda5-7676-cf6b-8cc293c19fe4}"
EndProject
Project("{FAE04EC0-301F-11D3-BF4B-00C04F79EFBC}") = "Unity.VisualScripting.State", "Unity.VisualScripting.State.Player.csproj", "{39083e50-e724-b3ef-0055-edce9d431de5}"
EndProject
Project("{FAE04EC0-301F-11D3-BF4B-00C04F79EFBC}") = "Unity.VisualScripting.Core", "Unity.VisualScripting.Core.Player.csproj", "{02bf4ae4-a6f6-d708-d037-06a921357338}"
EndProject
Project("{FAE04EC0-301F-11D3-BF4B-00C04F79EFBC}") = "Unity.Burst", "Unity.Burst.Player.csproj", "{ff80a485-9daa-72bf-3e4f-247223e6acf0}"
EndProject
Project("{FAE04EC0-301F-11D3-BF4B-00C04F79EFBC}") = "Unity.2D.Animation.Runtime", "Unity.2D.Animation.Runtime.Player.csproj", "{34f0bf7f-9017-c2b4-830a-2264e6767717}"
EndProject
Project("{FAE04EC0-301F-11D3-BF4B-00C04F79EFBC}") = "Unity.TextMeshPro", "Unity.TextMeshPro.Player.csproj", "{cf89fe64-dc2e-1dc8-c0d6-c2ae50ea8308}"
EndProject
Project("{FAE04EC0-301F-11D3-BF4B-00C04F79EFBC}") = "Unity.Timeline", "Unity.Timeline.Player.csproj", "{43e51bab-da0d-c4ba-9532-486d03f96ddb}"
EndProject
Project("{FAE04EC0-301F-11D3-BF4B-00C04F79EFBC}") = "Unity.2D.SpriteShape.Runtime", "Unity.2D.SpriteShape.Runtime.Player.csproj", "{9d04d564-4734-e29f-91fc-f8c80a85e2f1}"
EndProject
Project("{FAE04EC0-301F-11D3-BF4B-00C04F79EFBC}") = "Unity.2D.PixelPerfect", "Unity.2D.PixelPerfect.Player.csproj", "{d3790b2d-f535-1fa6-29dd-d2a9eab5d28c}"
EndProject
Project("{FAE04EC0-301F-11D3-BF4B-00C04F79EFBC}") = "Unity.InternalAPIEngineBridge.001", "Unity.InternalAPIEngineBridge.001.Player.csproj", "{8e6a4050-65e8-4274-b9a5-47037d4a7456}"
EndProject
Project("{FAE04EC0-301F-11D3-BF4B-00C04F79EFBC}") = "Unity.2D.Common.Runtime", "Unity.2D.Common.Runtime.Player.csproj", "{6c7dcaa4-bff4-864f-6c9c-d2ba88479b15}"
EndProject
Project("{FAE04EC0-301F-11D3-BF4B-00C04F79EFBC}") = "Unity.2D.IK.Runtime", "Unity.2D.IK.Runtime.Player.csproj", "{f3d134f4-3120-4ac2-d3f3-3860587bd5b1}"
EndProject
Project("{FAE04EC0-301F-11D3-BF4B-00C04F79EFBC}") = "Unity.2D.Tilemap.Extras", "Unity.2D.Tilemap.Extras.Player.csproj", "{3754239c-dd2c-9a3a-89d3-a2bc1061f97b}"
EndProject
Project("{FAE04EC0-301F-11D3-BF4B-00C04F79EFBC}") = "Unity.Profiling.Core", "Unity.Profiling.Core.Player.csproj", "{90de7739-cf6f-8193-9155-7bb76e683065}"
EndProject
Project("{FAE04EC0-301F-11D3-BF4B-00C04F79EFBC}") = "Assembly-CSharp", "Assembly-CSharp.Player.csproj", "{8a7c24ac-364c-8f57-1687-c7449320002a}"
EndProject
Project("{FAE04EC0-301F-11D3-BF4B-00C04F79EFBC}") = "Unity.Subsystem.Registration", "Unity.Subsystem.Registration.Player.csproj", "{1a6c67d7-8a3e-4cd2-d2a2-e84cbae4d623}"
EndProject
Project("{FAE04EC0-301F-11D3-BF4B-00C04F79EFBC}") = "Unity.2D.PixelPerfect.Tests", "Unity.2D.PixelPerfect.Tests.Player.csproj", "{7b4bc7af-a0ed-47d1-e616-4b306f48f41f}"
EndProject
Project("{FAE04EC0-301F-11D3-BF4B-00C04F79EFBC}") = "Unity.AdaptivePerformance.TestPackage.Editor", "Unity.AdaptivePerformance.TestPackage.Editor.Player.csproj", "{0da14162-9060-0110-0859-bb445e3b5f9d}"
EndProject
Project("{FAE04EC0-301F-11D3-BF4B-00C04F79EFBC}") = "Unity.Mathematics.Tests", "Unity.Mathematics.Tests.Player.csproj", "{d8b8c1f3-bd3a-507c-8ce5-5230ee518294}"
EndProject
Project("{FAE04EC0-301F-11D3-BF4B-00C04F79EFBC}") = "Unity.AdaptivePerformance.Tests.Standalone", "Unity.AdaptivePerformance.Tests.Standalone.Player.csproj", "{a4dab77b-713f-899f-14db-9a0bc8ef4701}"
EndProject
Project("{FAE04EC0-301F-11D3-BF4B-00C04F79EFBC}") = "Unity.2D.Sprite.Package.EditorTests", "Unity.2D.Sprite.Package.EditorTests.Player.csproj", "{79dbf9d3-976e-8d7a-75da-1f233cf44785}"
EndProject
Project("{FAE04EC0-301F-11D3-BF4B-00C04F79EFBC}") = "Unity.Mobile.AndroidLogcat.EditorPerformanceTests", "Unity.Mobile.AndroidLogcat.EditorPerformanceTests.Player.csproj", "{a869d405-aaa5-89ad-9456-d92b6cd8eca7}"
EndProject
Project("{FAE04EC0-301F-11D3-BF4B-00C04F79EFBC}") = "Unity.Burst.Tests.UnitTests", "Unity.Burst.Tests.UnitTests.Player.csproj", "{4aaefb9a-916d-df7e-4825-9fd630ee2950}"
EndProject
Project("{FAE04EC0-301F-11D3-BF4B-00C04F79EFBC}") = "Unity.Subsystem.Registration.Runtime.Tests", "Unity.Subsystem.Registration.Runtime.Tests.Player.csproj", "{d21d5785-80cd-ee38-e91a-aed02453dc93}"
EndProject
Project("{FAE04EC0-301F-11D3-BF4B-00C04F79EFBC}") = "Unity.Notifications.Tests", "Unity.Notifications.Tests.Player.csproj", "{792e5c61-e40b-82d3-a145-3bc6f3f23061}"
EndProject
Project("{FAE04EC0-301F-11D3-BF4B-00C04F79EFBC}") = "Unity.PlasticSCM.EditorTests", "Unity.PlasticSCM.EditorTests.Player.csproj", "{7d8c17ec-d1b1-1dbd-17b0-e5fec79bb3d9}"
EndProject
Project("{FAE04EC0-301F-11D3-BF4B-00C04F79EFBC}") = "Unity.2D.SpriteShape.EditorTests", "Unity.2D.SpriteShape.EditorTests.Player.csproj", "{64054ba6-bcb8-6057-778e-3a595979d078}"
EndProject
Project("{FAE04EC0-301F-11D3-BF4B-00C04F79EFBC}") = "Unity.2D.Common.EditorTests", "Unity.2D.Common.EditorTests.Player.csproj", "{521f78c4-234b-767d-37bd-874df4d950ae}"
EndProject
Project("{FAE04EC0-301F-11D3-BF4B-00C04F79EFBC}") = "Unity.Burst.Editor.Tests", "Unity.Burst.Editor.Tests.Player.csproj", "{d3787669-7410-68b1-09c1-68a3b6a7dfdc}"
EndProject
Project("{FAE04EC0-301F-11D3-BF4B-00C04F79EFBC}") = "Unity.TextMeshPro.Editor.Tests", "Unity.TextMeshPro.Editor.Tests.Player.csproj", "{de6e0ef9-890a-30ca-d0f9-604829612960}"
EndProject
Project("{FAE04EC0-301F-11D3-BF4B-00C04F79EFBC}") = "DocCodeExamples", "DocCodeExamples.Player.csproj", "{9aecd34c-5a4d-d14c-5c6d-0c002295d9e2}"
EndProject
Project("{FAE04EC0-301F-11D3-BF4B-00C04F79EFBC}") = "Unity.Android.Notifications.Tests", "Unity.Android.Notifications.Tests.Player.csproj", "{c3435843-0196-7cd6-7d05-9b03d148f526}"
EndProject
Project("{FAE04EC0-301F-11D3-BF4B-00C04F79EFBC}") = "Unity.2D.Psdimporter.EditorTests", "Unity.2D.Psdimporter.EditorTests.Player.csproj", "{35731bf8-06a5-e32c-2869-15bced71f2ab}"
EndProject
Project("{FAE04EC0-301F-11D3-BF4B-00C04F79EFBC}") = "Unity.CollabProxy.EditorTests", "Unity.CollabProxy.EditorTests.Player.csproj", "{534a9ca8-1d01-765e-058a-cf7f1353c007}"
EndProject
Project("{FAE04EC0-301F-11D3-BF4B-00C04F79EFBC}") = "Unity.2D.PixelPerfect.Editor.Tests", "Unity.2D.PixelPerfect.Editor.Tests.Player.csproj", "{03e77b42-d9f6-f25b-06f0-1c5179ac5d95}"
EndProject
Project("{FAE04EC0-301F-11D3-BF4B-00C04F79EFBC}") = "Unity.Mobile.AndroidLogcat.EditorTests", "Unity.Mobile.AndroidLogcat.EditorTests.Player.csproj", "{0d3a9a83-1794-f1b2-1fc4-23b3446e38db}"
EndProject
Project("{FAE04EC0-301F-11D3-BF4B-00C04F79EFBC}") = "Unity.iOS.Notifications.Tests", "Unity.iOS.Notifications.Tests.Player.csproj", "{48c9da7a-ae0e-2a2d-c3fa-aed1b36e2b7c}"
EndProject
Project("{FAE04EC0-301F-11D3-BF4B-00C04F79EFBC}") = "UnityEngine.UI.Tests", "UnityEngine.UI.Tests.Player.csproj", "{8948186e-e0b3-26c9-cac5-57c0598ea30e}"
EndProject
Project("{FAE04EC0-301F-11D3-BF4B-00C04F79EFBC}") = "Unity.AdaptivePerformance.Tests", "Unity.AdaptivePerformance.Tests.Player.csproj", "{69be5526-f821-1db0-4a98-a9d7f21725f0}"
EndProject
Project("{FAE04EC0-301F-11D3-BF4B-00C04F79EFBC}") = "Unity.2D.Animation.EditorTests", "Unity.2D.Animation.EditorTests.Player.csproj", "{7d26da5e-7b01-0e32-e839-9ce640dee9da}"
EndProject
Project("{FAE04EC0-301F-11D3-BF4B-00C04F79EFBC}") = "Unity.TextMeshPro.Tests", "Unity.TextMeshPro.Tests.Player.csproj", "{8ae5a44e-1a91-c017-915b-260ba8221f39}"
EndProject
Project("{FAE04EC0-301F-11D3-BF4B-00C04F79EFBC}") = "SeparateAssembly", "SeparateAssembly.Player.csproj", "{70d57c94-de63-ca71-9649-f7ab508749f5}"
EndProject
Project("{FAE04EC0-301F-11D3-BF4B-00C04F79EFBC}") = "UnityEditor.UI.EditorTests", "UnityEditor.UI.EditorTests.Player.csproj", "{c5264d09-492d-8d8c-b83e-00b1554fe97f}"
EndProject
Project("{FAE04EC0-301F-11D3-BF4B-00C04F79EFBC}") = "Unity.2D.Tilemap.Package.EditorTests", "Unity.2D.Tilemap.Package.EditorTests.Player.csproj", "{3e31bcf8-212a-92ae-d2ee-1fd37f918c0f}"
EndProject
Project("{FAE04EC0-301F-11D3-BF4B-00C04F79EFBC}") = "Unity.AdaptivePerformance.TestPackage", "Unity.AdaptivePerformance.TestPackage.Player.csproj", "{9bd0e15a-3870-1dbe-a578-dca6bbbe0b6d}"
EndProject
Project("{FAE04EC0-301F-11D3-BF4B-00C04F79EFBC}") = "Unity.2D.Tilemap.Extras.Placeholder.EditorTests", "Unity.2D.Tilemap.Extras.Placeholder.EditorTests.Player.csproj", "{880e0eb7-d4ce-e6c4-b565-c0357356bc6a}"
EndProject
Project("{FAE04EC0-301F-11D3-BF4B-00C04F79EFBC}") = "Unity.Mobile.AndroidLogcat.RuntimeTests", "Unity.Mobile.AndroidLogcat.RuntimeTests.Player.csproj", "{1466a847-c867-bfd3-0ad5-58527e90166b}"
EndProject
Project("{FAE04EC0-301F-11D3-BF4B-00C04F79EFBC}") = "Unity.AdaptivePerformance.Editor.Tests", "Unity.AdaptivePerformance.Editor.Tests.Player.csproj", "{93c41d35-0c27-d334-c7c1-d6dfc2a2e73b}"
EndProject
Global
	GlobalSection(SolutionConfigurationPlatforms) = preSolution
		Debug|Any CPU = Debug|Any CPU
	EndGlobalSection
	GlobalSection(ProjectConfigurationPlatforms) = postSolution
		{7f966756-594e-c066-305b-add158e2ce81}.Debug|Any CPU.ActiveCfg = Debug|Any CPU
		{7f966756-594e-c066-305b-add158e2ce81}.Debug|Any CPU.Build.0 = Debug|Any CPU
		{dd7cd1b0-9d76-53db-a305-27681e6bc038}.Debug|Any CPU.ActiveCfg = Debug|Any CPU
		{dd7cd1b0-9d76-53db-a305-27681e6bc038}.Debug|Any CPU.Build.0 = Debug|Any CPU
		{f48a3f12-75e5-6532-6729-fd2ca2c23561}.Debug|Any CPU.ActiveCfg = Debug|Any CPU
		{f48a3f12-75e5-6532-6729-fd2ca2c23561}.Debug|Any CPU.Build.0 = Debug|Any CPU
		{33ba7600-2961-91b1-b4f7-1635c50ab7d5}.Debug|Any CPU.ActiveCfg = Debug|Any CPU
		{33ba7600-2961-91b1-b4f7-1635c50ab7d5}.Debug|Any CPU.Build.0 = Debug|Any CPU
		{bf3f47b1-4f99-2930-218f-25b1d3d0d8f6}.Debug|Any CPU.ActiveCfg = Debug|Any CPU
		{bf3f47b1-4f99-2930-218f-25b1d3d0d8f6}.Debug|Any CPU.Build.0 = Debug|Any CPU
		{1107057f-aa00-3514-210a-bf9818236ccf}.Debug|Any CPU.ActiveCfg = Debug|Any CPU
		{1107057f-aa00-3514-210a-bf9818236ccf}.Debug|Any CPU.Build.0 = Debug|Any CPU
		{067db058-81e5-6fdd-52a7-d82a4e16dcfd}.Debug|Any CPU.ActiveCfg = Debug|Any CPU
		{067db058-81e5-6fdd-52a7-d82a4e16dcfd}.Debug|Any CPU.Build.0 = Debug|Any CPU
		{4d4bd023-edf0-8dd3-8a1c-19020947f0ef}.Debug|Any CPU.ActiveCfg = Debug|Any CPU
		{4d4bd023-edf0-8dd3-8a1c-19020947f0ef}.Debug|Any CPU.Build.0 = Debug|Any CPU
		{ffb3a08b-eb52-335c-dd0c-032b8d99dfcc}.Debug|Any CPU.ActiveCfg = Debug|Any CPU
		{ffb3a08b-eb52-335c-dd0c-032b8d99dfcc}.Debug|Any CPU.Build.0 = Debug|Any CPU
		{6ad1ff30-77c5-614d-3ab3-fe42b441a27a}.Debug|Any CPU.ActiveCfg = Debug|Any CPU
		{6ad1ff30-77c5-614d-3ab3-fe42b441a27a}.Debug|Any CPU.Build.0 = Debug|Any CPU
		{b8adb979-1ee2-fdce-0c04-b8d513053d1d}.Debug|Any CPU.ActiveCfg = Debug|Any CPU
		{b8adb979-1ee2-fdce-0c04-b8d513053d1d}.Debug|Any CPU.Build.0 = Debug|Any CPU
		{91507848-eb02-dfd8-eb66-db0e0c20f7ac}.Debug|Any CPU.ActiveCfg = Debug|Any CPU
		{91507848-eb02-dfd8-eb66-db0e0c20f7ac}.Debug|Any CPU.Build.0 = Debug|Any CPU
		{7e3dfbfa-64e4-39fe-32ff-5dd57b4a8b42}.Debug|Any CPU.ActiveCfg = Debug|Any CPU
		{7e3dfbfa-64e4-39fe-32ff-5dd57b4a8b42}.Debug|Any CPU.Build.0 = Debug|Any CPU
		{f1b7f102-69df-10ea-8514-ed9fb8f259eb}.Debug|Any CPU.ActiveCfg = Debug|Any CPU
		{f1b7f102-69df-10ea-8514-ed9fb8f259eb}.Debug|Any CPU.Build.0 = Debug|Any CPU
		{13c13335-b7ab-f88a-a0f3-a74e0bf98206}.Debug|Any CPU.ActiveCfg = Debug|Any CPU
		{13c13335-b7ab-f88a-a0f3-a74e0bf98206}.Debug|Any CPU.Build.0 = Debug|Any CPU
		{11d65d5b-3944-e894-8609-1225bd8da0cc}.Debug|Any CPU.ActiveCfg = Debug|Any CPU
		{11d65d5b-3944-e894-8609-1225bd8da0cc}.Debug|Any CPU.Build.0 = Debug|Any CPU
		{34d051c0-5eeb-5d3d-9823-3150ee7a477d}.Debug|Any CPU.ActiveCfg = Debug|Any CPU
		{34d051c0-5eeb-5d3d-9823-3150ee7a477d}.Debug|Any CPU.Build.0 = Debug|Any CPU
		{11053262-19ad-fd61-8571-0f8b8f384d51}.Debug|Any CPU.ActiveCfg = Debug|Any CPU
		{11053262-19ad-fd61-8571-0f8b8f384d51}.Debug|Any CPU.Build.0 = Debug|Any CPU
		{dc711fc2-05ee-2c91-5622-73e2aafa2418}.Debug|Any CPU.ActiveCfg = Debug|Any CPU
		{dc711fc2-05ee-2c91-5622-73e2aafa2418}.Debug|Any CPU.Build.0 = Debug|Any CPU
		{b9a02af0-2e14-3835-b15a-b93bed0441ea}.Debug|Any CPU.ActiveCfg = Debug|Any CPU
		{b9a02af0-2e14-3835-b15a-b93bed0441ea}.Debug|Any CPU.Build.0 = Debug|Any CPU
		{8ccca716-acaa-f540-7d5d-cc66a79f8565}.Debug|Any CPU.ActiveCfg = Debug|Any CPU
		{8ccca716-acaa-f540-7d5d-cc66a79f8565}.Debug|Any CPU.Build.0 = Debug|Any CPU
		{68125436-0693-214e-3b97-95efbbba327f}.Debug|Any CPU.ActiveCfg = Debug|Any CPU
		{68125436-0693-214e-3b97-95efbbba327f}.Debug|Any CPU.Build.0 = Debug|Any CPU
		{8823290e-f0d4-d3f1-ed71-470fc833f6b8}.Debug|Any CPU.ActiveCfg = Debug|Any CPU
		{8823290e-f0d4-d3f1-ed71-470fc833f6b8}.Debug|Any CPU.Build.0 = Debug|Any CPU
		{f63f5ce8-eb64-3e2c-154b-ccc0aef7d289}.Debug|Any CPU.ActiveCfg = Debug|Any CPU
		{f63f5ce8-eb64-3e2c-154b-ccc0aef7d289}.Debug|Any CPU.Build.0 = Debug|Any CPU
		{63f79ca8-bb4c-3b1b-a067-8d333c13e5ba}.Debug|Any CPU.ActiveCfg = Debug|Any CPU
		{63f79ca8-bb4c-3b1b-a067-8d333c13e5ba}.Debug|Any CPU.Build.0 = Debug|Any CPU
		{2034aee1-bd18-1b41-7cab-dc3e90a839c7}.Debug|Any CPU.ActiveCfg = Debug|Any CPU
		{2034aee1-bd18-1b41-7cab-dc3e90a839c7}.Debug|Any CPU.Build.0 = Debug|Any CPU
		{267a1bbf-e54e-8a2a-8361-1dd2f3c6694f}.Debug|Any CPU.ActiveCfg = Debug|Any CPU
		{267a1bbf-e54e-8a2a-8361-1dd2f3c6694f}.Debug|Any CPU.Build.0 = Debug|Any CPU
		{da86907b-8713-db21-220f-169fc185871b}.Debug|Any CPU.ActiveCfg = Debug|Any CPU
		{da86907b-8713-db21-220f-169fc185871b}.Debug|Any CPU.Build.0 = Debug|Any CPU
		{ce9c2682-cbe1-43fd-1a1f-dab76af73ece}.Debug|Any CPU.ActiveCfg = Debug|Any CPU
		{ce9c2682-cbe1-43fd-1a1f-dab76af73ece}.Debug|Any CPU.Build.0 = Debug|Any CPU
		{fa5d24d3-7fcb-e20b-17bb-06fadd609614}.Debug|Any CPU.ActiveCfg = Debug|Any CPU
		{fa5d24d3-7fcb-e20b-17bb-06fadd609614}.Debug|Any CPU.Build.0 = Debug|Any CPU
		{24514438-a3b9-e8cd-88d1-24d45ce84eb5}.Debug|Any CPU.ActiveCfg = Debug|Any CPU
		{24514438-a3b9-e8cd-88d1-24d45ce84eb5}.Debug|Any CPU.Build.0 = Debug|Any CPU
		{50ca9556-a20e-fa18-7e11-cd7dc23c6158}.Debug|Any CPU.ActiveCfg = Debug|Any CPU
		{50ca9556-a20e-fa18-7e11-cd7dc23c6158}.Debug|Any CPU.Build.0 = Debug|Any CPU
		{0c369775-8b67-7a2f-1722-c53b4b1b2bd6}.Debug|Any CPU.ActiveCfg = Debug|Any CPU
		{0c369775-8b67-7a2f-1722-c53b4b1b2bd6}.Debug|Any CPU.Build.0 = Debug|Any CPU
		{9b213340-9039-852d-1936-8d3078264f5b}.Debug|Any CPU.ActiveCfg = Debug|Any CPU
		{9b213340-9039-852d-1936-8d3078264f5b}.Debug|Any CPU.Build.0 = Debug|Any CPU
		{adb88225-acc6-463b-7be7-062a98f80f23}.Debug|Any CPU.ActiveCfg = Debug|Any CPU
		{adb88225-acc6-463b-7be7-062a98f80f23}.Debug|Any CPU.Build.0 = Debug|Any CPU
		{85a1d449-321e-d369-de90-b894bfc8596b}.Debug|Any CPU.ActiveCfg = Debug|Any CPU
		{85a1d449-321e-d369-de90-b894bfc8596b}.Debug|Any CPU.Build.0 = Debug|Any CPU
		{4af26614-a395-57fd-8821-91d7440b17d4}.Debug|Any CPU.ActiveCfg = Debug|Any CPU
		{4af26614-a395-57fd-8821-91d7440b17d4}.Debug|Any CPU.Build.0 = Debug|Any CPU
		{c8e187db-032f-2cbe-540f-0c7bc6edb08c}.Debug|Any CPU.ActiveCfg = Debug|Any CPU
		{c8e187db-032f-2cbe-540f-0c7bc6edb08c}.Debug|Any CPU.Build.0 = Debug|Any CPU
		{d2a98f65-4316-2ff3-e183-5bfd0d1819e2}.Debug|Any CPU.ActiveCfg = Debug|Any CPU
		{d2a98f65-4316-2ff3-e183-5bfd0d1819e2}.Debug|Any CPU.Build.0 = Debug|Any CPU
		{b1b7b2e8-ca64-886f-4104-44dd92afe5d8}.Debug|Any CPU.ActiveCfg = Debug|Any CPU
		{b1b7b2e8-ca64-886f-4104-44dd92afe5d8}.Debug|Any CPU.Build.0 = Debug|Any CPU
		{3579765a-3d4b-e035-7374-37bc7a68f519}.Debug|Any CPU.ActiveCfg = Debug|Any CPU
		{3579765a-3d4b-e035-7374-37bc7a68f519}.Debug|Any CPU.Build.0 = Debug|Any CPU
		{48fdbf10-bb5d-f10f-821e-4f7ae0b50348}.Debug|Any CPU.ActiveCfg = Debug|Any CPU
		{48fdbf10-bb5d-f10f-821e-4f7ae0b50348}.Debug|Any CPU.Build.0 = Debug|Any CPU
		{313c38c8-add4-3df7-8e24-01c64676980d}.Debug|Any CPU.ActiveCfg = Debug|Any CPU
		{313c38c8-add4-3df7-8e24-01c64676980d}.Debug|Any CPU.Build.0 = Debug|Any CPU
		{abe473a6-1cf0-9ddd-2816-6823d6df46b1}.Debug|Any CPU.ActiveCfg = Debug|Any CPU
		{abe473a6-1cf0-9ddd-2816-6823d6df46b1}.Debug|Any CPU.Build.0 = Debug|Any CPU
		{2103e97a-28bd-ac49-e783-0da224626af0}.Debug|Any CPU.ActiveCfg = Debug|Any CPU
		{2103e97a-28bd-ac49-e783-0da224626af0}.Debug|Any CPU.Build.0 = Debug|Any CPU
		{7f4caecb-d66b-ab8d-05a8-f09eac092da9}.Debug|Any CPU.ActiveCfg = Debug|Any CPU
		{7f4caecb-d66b-ab8d-05a8-f09eac092da9}.Debug|Any CPU.Build.0 = Debug|Any CPU
		{dc73be68-88f1-3eb7-4839-0c184b521a92}.Debug|Any CPU.ActiveCfg = Debug|Any CPU
		{dc73be68-88f1-3eb7-4839-0c184b521a92}.Debug|Any CPU.Build.0 = Debug|Any CPU
		{745c2106-6fe1-c77c-49a3-701641f9346e}.Debug|Any CPU.ActiveCfg = Debug|Any CPU
		{745c2106-6fe1-c77c-49a3-701641f9346e}.Debug|Any CPU.Build.0 = Debug|Any CPU
		{af818e35-4467-c7ae-18b4-040f35608ae5}.Debug|Any CPU.ActiveCfg = Debug|Any CPU
		{af818e35-4467-c7ae-18b4-040f35608ae5}.Debug|Any CPU.Build.0 = Debug|Any CPU
		{98f83c6e-065c-6b94-27d7-496be1827876}.Debug|Any CPU.ActiveCfg = Debug|Any CPU
		{98f83c6e-065c-6b94-27d7-496be1827876}.Debug|Any CPU.Build.0 = Debug|Any CPU
		{51ed2c11-bfbe-ba83-7ab3-b817bec9d955}.Debug|Any CPU.ActiveCfg = Debug|Any CPU
		{51ed2c11-bfbe-ba83-7ab3-b817bec9d955}.Debug|Any CPU.Build.0 = Debug|Any CPU
		{13448f77-a679-39d9-c971-3bcd26ca51d4}.Debug|Any CPU.ActiveCfg = Debug|Any CPU
		{13448f77-a679-39d9-c971-3bcd26ca51d4}.Debug|Any CPU.Build.0 = Debug|Any CPU
		{6b63dc14-e6c4-e9e9-f46d-b4a058434f0a}.Debug|Any CPU.ActiveCfg = Debug|Any CPU
		{6b63dc14-e6c4-e9e9-f46d-b4a058434f0a}.Debug|Any CPU.Build.0 = Debug|Any CPU
		{6b369b68-bc8c-4a31-a245-81c025c3b216}.Debug|Any CPU.ActiveCfg = Debug|Any CPU
		{6b369b68-bc8c-4a31-a245-81c025c3b216}.Debug|Any CPU.Build.0 = Debug|Any CPU
		{72306c96-6f9b-04e5-85f2-1e615a9adbbf}.Debug|Any CPU.ActiveCfg = Debug|Any CPU
		{72306c96-6f9b-04e5-85f2-1e615a9adbbf}.Debug|Any CPU.Build.0 = Debug|Any CPU
		{9dbce9f1-803b-3587-f6c2-cd9799291c33}.Debug|Any CPU.ActiveCfg = Debug|Any CPU
		{9dbce9f1-803b-3587-f6c2-cd9799291c33}.Debug|Any CPU.Build.0 = Debug|Any CPU
		{525f16d6-9b34-ece5-295a-bf3b0e59e6eb}.Debug|Any CPU.ActiveCfg = Debug|Any CPU
		{525f16d6-9b34-ece5-295a-bf3b0e59e6eb}.Debug|Any CPU.Build.0 = Debug|Any CPU
		{05e85187-28db-7723-929e-da831420b45a}.Debug|Any CPU.ActiveCfg = Debug|Any CPU
		{05e85187-28db-7723-929e-da831420b45a}.Debug|Any CPU.Build.0 = Debug|Any CPU
		{3bfbc3c1-af7f-ade0-c11c-972b50e325ab}.Debug|Any CPU.ActiveCfg = Debug|Any CPU
		{3bfbc3c1-af7f-ade0-c11c-972b50e325ab}.Debug|Any CPU.Build.0 = Debug|Any CPU
		{5418eaf8-2c5b-5b35-b13a-1323aaa790ed}.Debug|Any CPU.ActiveCfg = Debug|Any CPU
		{5418eaf8-2c5b-5b35-b13a-1323aaa790ed}.Debug|Any CPU.Build.0 = Debug|Any CPU
		{8f28525b-a735-42b1-fb3e-e8958b23615d}.Debug|Any CPU.ActiveCfg = Debug|Any CPU
		{8f28525b-a735-42b1-fb3e-e8958b23615d}.Debug|Any CPU.Build.0 = Debug|Any CPU
		{07457ff0-6ebf-4a6e-82a0-cf0adc043983}.Debug|Any CPU.ActiveCfg = Debug|Any CPU
		{07457ff0-6ebf-4a6e-82a0-cf0adc043983}.Debug|Any CPU.Build.0 = Debug|Any CPU
		{3656dddc-3271-f683-bf4d-0e0244bcb51c}.Debug|Any CPU.ActiveCfg = Debug|Any CPU
		{3656dddc-3271-f683-bf4d-0e0244bcb51c}.Debug|Any CPU.Build.0 = Debug|Any CPU
		{af2f9039-cceb-a170-402e-4c81b750017f}.Debug|Any CPU.ActiveCfg = Debug|Any CPU
		{af2f9039-cceb-a170-402e-4c81b750017f}.Debug|Any CPU.Build.0 = Debug|Any CPU
		{e8e5c4f4-dda5-7676-cf6b-8cc293c19fe4}.Debug|Any CPU.ActiveCfg = Debug|Any CPU
		{e8e5c4f4-dda5-7676-cf6b-8cc293c19fe4}.Debug|Any CPU.Build.0 = Debug|Any CPU
		{39083e50-e724-b3ef-0055-edce9d431de5}.Debug|Any CPU.ActiveCfg = Debug|Any CPU
		{39083e50-e724-b3ef-0055-edce9d431de5}.Debug|Any CPU.Build.0 = Debug|Any CPU
		{02bf4ae4-a6f6-d708-d037-06a921357338}.Debug|Any CPU.ActiveCfg = Debug|Any CPU
		{02bf4ae4-a6f6-d708-d037-06a921357338}.Debug|Any CPU.Build.0 = Debug|Any CPU
		{ff80a485-9daa-72bf-3e4f-247223e6acf0}.Debug|Any CPU.ActiveCfg = Debug|Any CPU
		{ff80a485-9daa-72bf-3e4f-247223e6acf0}.Debug|Any CPU.Build.0 = Debug|Any CPU
		{34f0bf7f-9017-c2b4-830a-2264e6767717}.Debug|Any CPU.ActiveCfg = Debug|Any CPU
		{34f0bf7f-9017-c2b4-830a-2264e6767717}.Debug|Any CPU.Build.0 = Debug|Any CPU
		{cf89fe64-dc2e-1dc8-c0d6-c2ae50ea8308}.Debug|Any CPU.ActiveCfg = Debug|Any CPU
		{cf89fe64-dc2e-1dc8-c0d6-c2ae50ea8308}.Debug|Any CPU.Build.0 = Debug|Any CPU
		{43e51bab-da0d-c4ba-9532-486d03f96ddb}.Debug|Any CPU.ActiveCfg = Debug|Any CPU
		{43e51bab-da0d-c4ba-9532-486d03f96ddb}.Debug|Any CPU.Build.0 = Debug|Any CPU
		{9d04d564-4734-e29f-91fc-f8c80a85e2f1}.Debug|Any CPU.ActiveCfg = Debug|Any CPU
		{9d04d564-4734-e29f-91fc-f8c80a85e2f1}.Debug|Any CPU.Build.0 = Debug|Any CPU
		{d3790b2d-f535-1fa6-29dd-d2a9eab5d28c}.Debug|Any CPU.ActiveCfg = Debug|Any CPU
		{d3790b2d-f535-1fa6-29dd-d2a9eab5d28c}.Debug|Any CPU.Build.0 = Debug|Any CPU
		{8e6a4050-65e8-4274-b9a5-47037d4a7456}.Debug|Any CPU.ActiveCfg = Debug|Any CPU
		{8e6a4050-65e8-4274-b9a5-47037d4a7456}.Debug|Any CPU.Build.0 = Debug|Any CPU
		{6c7dcaa4-bff4-864f-6c9c-d2ba88479b15}.Debug|Any CPU.ActiveCfg = Debug|Any CPU
		{6c7dcaa4-bff4-864f-6c9c-d2ba88479b15}.Debug|Any CPU.Build.0 = Debug|Any CPU
		{f3d134f4-3120-4ac2-d3f3-3860587bd5b1}.Debug|Any CPU.ActiveCfg = Debug|Any CPU
		{f3d134f4-3120-4ac2-d3f3-3860587bd5b1}.Debug|Any CPU.Build.0 = Debug|Any CPU
		{3754239c-dd2c-9a3a-89d3-a2bc1061f97b}.Debug|Any CPU.ActiveCfg = Debug|Any CPU
		{3754239c-dd2c-9a3a-89d3-a2bc1061f97b}.Debug|Any CPU.Build.0 = Debug|Any CPU
		{90de7739-cf6f-8193-9155-7bb76e683065}.Debug|Any CPU.ActiveCfg = Debug|Any CPU
		{90de7739-cf6f-8193-9155-7bb76e683065}.Debug|Any CPU.Build.0 = Debug|Any CPU
		{8a7c24ac-364c-8f57-1687-c7449320002a}.Debug|Any CPU.ActiveCfg = Debug|Any CPU
		{8a7c24ac-364c-8f57-1687-c7449320002a}.Debug|Any CPU.Build.0 = Debug|Any CPU
		{1a6c67d7-8a3e-4cd2-d2a2-e84cbae4d623}.Debug|Any CPU.ActiveCfg = Debug|Any CPU
		{1a6c67d7-8a3e-4cd2-d2a2-e84cbae4d623}.Debug|Any CPU.Build.0 = Debug|Any CPU
		{7b4bc7af-a0ed-47d1-e616-4b306f48f41f}.Debug|Any CPU.ActiveCfg = Debug|Any CPU
		{7b4bc7af-a0ed-47d1-e616-4b306f48f41f}.Debug|Any CPU.Build.0 = Debug|Any CPU
		{0da14162-9060-0110-0859-bb445e3b5f9d}.Debug|Any CPU.ActiveCfg = Debug|Any CPU
		{0da14162-9060-0110-0859-bb445e3b5f9d}.Debug|Any CPU.Build.0 = Debug|Any CPU
		{d8b8c1f3-bd3a-507c-8ce5-5230ee518294}.Debug|Any CPU.ActiveCfg = Debug|Any CPU
		{d8b8c1f3-bd3a-507c-8ce5-5230ee518294}.Debug|Any CPU.Build.0 = Debug|Any CPU
		{a4dab77b-713f-899f-14db-9a0bc8ef4701}.Debug|Any CPU.ActiveCfg = Debug|Any CPU
		{a4dab77b-713f-899f-14db-9a0bc8ef4701}.Debug|Any CPU.Build.0 = Debug|Any CPU
		{79dbf9d3-976e-8d7a-75da-1f233cf44785}.Debug|Any CPU.ActiveCfg = Debug|Any CPU
		{79dbf9d3-976e-8d7a-75da-1f233cf44785}.Debug|Any CPU.Build.0 = Debug|Any CPU
		{a869d405-aaa5-89ad-9456-d92b6cd8eca7}.Debug|Any CPU.ActiveCfg = Debug|Any CPU
		{a869d405-aaa5-89ad-9456-d92b6cd8eca7}.Debug|Any CPU.Build.0 = Debug|Any CPU
		{4aaefb9a-916d-df7e-4825-9fd630ee2950}.Debug|Any CPU.ActiveCfg = Debug|Any CPU
		{4aaefb9a-916d-df7e-4825-9fd630ee2950}.Debug|Any CPU.Build.0 = Debug|Any CPU
		{d21d5785-80cd-ee38-e91a-aed02453dc93}.Debug|Any CPU.ActiveCfg = Debug|Any CPU
		{d21d5785-80cd-ee38-e91a-aed02453dc93}.Debug|Any CPU.Build.0 = Debug|Any CPU
		{792e5c61-e40b-82d3-a145-3bc6f3f23061}.Debug|Any CPU.ActiveCfg = Debug|Any CPU
		{792e5c61-e40b-82d3-a145-3bc6f3f23061}.Debug|Any CPU.Build.0 = Debug|Any CPU
		{7d8c17ec-d1b1-1dbd-17b0-e5fec79bb3d9}.Debug|Any CPU.ActiveCfg = Debug|Any CPU
		{7d8c17ec-d1b1-1dbd-17b0-e5fec79bb3d9}.Debug|Any CPU.Build.0 = Debug|Any CPU
		{64054ba6-bcb8-6057-778e-3a595979d078}.Debug|Any CPU.ActiveCfg = Debug|Any CPU
		{64054ba6-bcb8-6057-778e-3a595979d078}.Debug|Any CPU.Build.0 = Debug|Any CPU
		{521f78c4-234b-767d-37bd-874df4d950ae}.Debug|Any CPU.ActiveCfg = Debug|Any CPU
		{521f78c4-234b-767d-37bd-874df4d950ae}.Debug|Any CPU.Build.0 = Debug|Any CPU
		{d3787669-7410-68b1-09c1-68a3b6a7dfdc}.Debug|Any CPU.ActiveCfg = Debug|Any CPU
		{d3787669-7410-68b1-09c1-68a3b6a7dfdc}.Debug|Any CPU.Build.0 = Debug|Any CPU
		{de6e0ef9-890a-30ca-d0f9-604829612960}.Debug|Any CPU.ActiveCfg = Debug|Any CPU
		{de6e0ef9-890a-30ca-d0f9-604829612960}.Debug|Any CPU.Build.0 = Debug|Any CPU
		{9aecd34c-5a4d-d14c-5c6d-0c002295d9e2}.Debug|Any CPU.ActiveCfg = Debug|Any CPU
		{9aecd34c-5a4d-d14c-5c6d-0c002295d9e2}.Debug|Any CPU.Build.0 = Debug|Any CPU
		{c3435843-0196-7cd6-7d05-9b03d148f526}.Debug|Any CPU.ActiveCfg = Debug|Any CPU
		{c3435843-0196-7cd6-7d05-9b03d148f526}.Debug|Any CPU.Build.0 = Debug|Any CPU
		{35731bf8-06a5-e32c-2869-15bced71f2ab}.Debug|Any CPU.ActiveCfg = Debug|Any CPU
		{35731bf8-06a5-e32c-2869-15bced71f2ab}.Debug|Any CPU.Build.0 = Debug|Any CPU
		{534a9ca8-1d01-765e-058a-cf7f1353c007}.Debug|Any CPU.ActiveCfg = Debug|Any CPU
		{534a9ca8-1d01-765e-058a-cf7f1353c007}.Debug|Any CPU.Build.0 = Debug|Any CPU
		{03e77b42-d9f6-f25b-06f0-1c5179ac5d95}.Debug|Any CPU.ActiveCfg = Debug|Any CPU
		{03e77b42-d9f6-f25b-06f0-1c5179ac5d95}.Debug|Any CPU.Build.0 = Debug|Any CPU
		{0d3a9a83-1794-f1b2-1fc4-23b3446e38db}.Debug|Any CPU.ActiveCfg = Debug|Any CPU
		{0d3a9a83-1794-f1b2-1fc4-23b3446e38db}.Debug|Any CPU.Build.0 = Debug|Any CPU
		{48c9da7a-ae0e-2a2d-c3fa-aed1b36e2b7c}.Debug|Any CPU.ActiveCfg = Debug|Any CPU
		{48c9da7a-ae0e-2a2d-c3fa-aed1b36e2b7c}.Debug|Any CPU.Build.0 = Debug|Any CPU
		{8948186e-e0b3-26c9-cac5-57c0598ea30e}.Debug|Any CPU.ActiveCfg = Debug|Any CPU
		{8948186e-e0b3-26c9-cac5-57c0598ea30e}.Debug|Any CPU.Build.0 = Debug|Any CPU
		{69be5526-f821-1db0-4a98-a9d7f21725f0}.Debug|Any CPU.ActiveCfg = Debug|Any CPU
		{69be5526-f821-1db0-4a98-a9d7f21725f0}.Debug|Any CPU.Build.0 = Debug|Any CPU
		{7d26da5e-7b01-0e32-e839-9ce640dee9da}.Debug|Any CPU.ActiveCfg = Debug|Any CPU
		{7d26da5e-7b01-0e32-e839-9ce640dee9da}.Debug|Any CPU.Build.0 = Debug|Any CPU
		{8ae5a44e-1a91-c017-915b-260ba8221f39}.Debug|Any CPU.ActiveCfg = Debug|Any CPU
		{8ae5a44e-1a91-c017-915b-260ba8221f39}.Debug|Any CPU.Build.0 = Debug|Any CPU
		{70d57c94-de63-ca71-9649-f7ab508749f5}.Debug|Any CPU.ActiveCfg = Debug|Any CPU
		{70d57c94-de63-ca71-9649-f7ab508749f5}.Debug|Any CPU.Build.0 = Debug|Any CPU
		{c5264d09-492d-8d8c-b83e-00b1554fe97f}.Debug|Any CPU.ActiveCfg = Debug|Any CPU
		{c5264d09-492d-8d8c-b83e-00b1554fe97f}.Debug|Any CPU.Build.0 = Debug|Any CPU
		{3e31bcf8-212a-92ae-d2ee-1fd37f918c0f}.Debug|Any CPU.ActiveCfg = Debug|Any CPU
		{3e31bcf8-212a-92ae-d2ee-1fd37f918c0f}.Debug|Any CPU.Build.0 = Debug|Any CPU
		{9bd0e15a-3870-1dbe-a578-dca6bbbe0b6d}.Debug|Any CPU.ActiveCfg = Debug|Any CPU
		{9bd0e15a-3870-1dbe-a578-dca6bbbe0b6d}.Debug|Any CPU.Build.0 = Debug|Any CPU
		{880e0eb7-d4ce-e6c4-b565-c0357356bc6a}.Debug|Any CPU.ActiveCfg = Debug|Any CPU
		{880e0eb7-d4ce-e6c4-b565-c0357356bc6a}.Debug|Any CPU.Build.0 = Debug|Any CPU
		{1466a847-c867-bfd3-0ad5-58527e90166b}.Debug|Any CPU.ActiveCfg = Debug|Any CPU
		{1466a847-c867-bfd3-0ad5-58527e90166b}.Debug|Any CPU.Build.0 = Debug|Any CPU
		{93c41d35-0c27-d334-c7c1-d6dfc2a2e73b}.Debug|Any CPU.ActiveCfg = Debug|Any CPU
		{93c41d35-0c27-d334-c7c1-d6dfc2a2e73b}.Debug|Any CPU.Build.0 = Debug|Any CPU
	EndGlobalSection
	GlobalSection(SolutionProperties) = preSolution
		HideSolutionNode = FALSE
	EndGlobalSection
EndGlobal
